// !$*UTF8*$!
{
	archiveVersion = 1;
	classes = {
	};
	objectVersion = 50;
	objects = {

/* Begin PBXBuildFile section */
		2412E12521CAEDC800575EAC /* WriteReviewViewController.swift in Sources */ = {isa = PBXBuildFile; fileRef = 2412E12321CAEDC800575EAC /* WriteReviewViewController.swift */; };
		2412E12621CAEDC800575EAC /* WriteReviewViewController.xib in Resources */ = {isa = PBXBuildFile; fileRef = 2412E12421CAEDC800575EAC /* WriteReviewViewController.xib */; };
		24153DAE21C2064B003D81F4 /* UserIntroTableViewCell.swift in Sources */ = {isa = PBXBuildFile; fileRef = 24153DAC21C2064B003D81F4 /* UserIntroTableViewCell.swift */; };
		24153DAF21C2064B003D81F4 /* UserIntroTableViewCell.xib in Resources */ = {isa = PBXBuildFile; fileRef = 24153DAD21C2064B003D81F4 /* UserIntroTableViewCell.xib */; };
		241C426121C720AC00DAAB23 /* StringStructs.swift in Sources */ = {isa = PBXBuildFile; fileRef = 241C426021C720AC00DAAB23 /* StringStructs.swift */; };
		241CF53521B5CD9700B9FA31 /* Colors.swift in Sources */ = {isa = PBXBuildFile; fileRef = 241CF53421B5CD9700B9FA31 /* Colors.swift */; };
		243E21D621B8B5CD00A7820F /* SignupTwoViewController.swift in Sources */ = {isa = PBXBuildFile; fileRef = 243E21D521B8B5CD00A7820F /* SignupTwoViewController.swift */; };
		243E21D921B8D9EB00A7820F /* SignupThreeViewController.swift in Sources */ = {isa = PBXBuildFile; fileRef = 243E21D821B8D9EB00A7820F /* SignupThreeViewController.swift */; };
		243E993521D449C100DE48E5 /* SeeMoreTableViewCell.swift in Sources */ = {isa = PBXBuildFile; fileRef = 243E993321D449C100DE48E5 /* SeeMoreTableViewCell.swift */; };
		243E993621D449C100DE48E5 /* SeeMoreTableViewCell.xib in Resources */ = {isa = PBXBuildFile; fileRef = 243E993421D449C100DE48E5 /* SeeMoreTableViewCell.xib */; };
		243E993921D4664F00DE48E5 /* ServicesTableViewCell.swift in Sources */ = {isa = PBXBuildFile; fileRef = 243E993721D4664F00DE48E5 /* ServicesTableViewCell.swift */; };
		243E993A21D4664F00DE48E5 /* ServicesTableViewCell.xib in Resources */ = {isa = PBXBuildFile; fileRef = 243E993821D4664F00DE48E5 /* ServicesTableViewCell.xib */; };
		243E993C21D48AC700DE48E5 /* PhotosCollectionViewController.swift in Sources */ = {isa = PBXBuildFile; fileRef = 243E993B21D48AC700DE48E5 /* PhotosCollectionViewController.swift */; };
		243E993E21D535B800DE48E5 /* PhotosCollectionViewCell.swift in Sources */ = {isa = PBXBuildFile; fileRef = 243E993D21D535B800DE48E5 /* PhotosCollectionViewCell.swift */; };
		2440407E21C09E2C001DA314 /* Helpers.swift in Sources */ = {isa = PBXBuildFile; fileRef = 2440407D21C09E2C001DA314 /* Helpers.swift */; };
		244910E121C84ABF000E2C06 /* Reviews.swift in Sources */ = {isa = PBXBuildFile; fileRef = 244910E021C84ABF000E2C06 /* Reviews.swift */; };
		244910E321C84E27000E2C06 /* ReviewsData.swift in Sources */ = {isa = PBXBuildFile; fileRef = 244910E221C84E27000E2C06 /* ReviewsData.swift */; };
		244A9CE521D35E08003F2ACF /* SeeReviewsViewController.swift in Sources */ = {isa = PBXBuildFile; fileRef = 244A9CE321D35E08003F2ACF /* SeeReviewsViewController.swift */; };
		2468801921B5B57900E7392B /* Launch Screen.storyboard in Resources */ = {isa = PBXBuildFile; fileRef = 2468801821B5B57900E7392B /* Launch Screen.storyboard */; };
		246EC93821C2CA7F0010742B /* ReviewsTableViewCell.swift in Sources */ = {isa = PBXBuildFile; fileRef = 246EC93621C2CA7F0010742B /* ReviewsTableViewCell.swift */; };
		246EC93921C2CA7F0010742B /* ReviewsTableViewCell.xib in Resources */ = {isa = PBXBuildFile; fileRef = 246EC93721C2CA7F0010742B /* ReviewsTableViewCell.xib */; };
		24776B6E21A28534002933DA /* AppDelegate.swift in Sources */ = {isa = PBXBuildFile; fileRef = 24776B6D21A28534002933DA /* AppDelegate.swift */; };
		24776B7021A28535002933DA /* LoginViewController.swift in Sources */ = {isa = PBXBuildFile; fileRef = 24776B6F21A28535002933DA /* LoginViewController.swift */; };
		24776B7321A28535002933DA /* Main.storyboard in Resources */ = {isa = PBXBuildFile; fileRef = 24776B7121A28535002933DA /* Main.storyboard */; };
		24776B7521A28536002933DA /* Assets.xcassets in Resources */ = {isa = PBXBuildFile; fileRef = 24776B7421A28536002933DA /* Assets.xcassets */; };
		24776B8021A28865002933DA /* GoogleService-Info.plist in Resources */ = {isa = PBXBuildFile; fileRef = 24776B7F21A28865002933DA /* GoogleService-Info.plist */; };
		249D9BAE21C4D95400FE31C1 /* PhotosTableViewCell.swift in Sources */ = {isa = PBXBuildFile; fileRef = 249D9BAC21C4D95400FE31C1 /* PhotosTableViewCell.swift */; };
		249D9BAF21C4D95400FE31C1 /* PhotosTableViewCell.xib in Resources */ = {isa = PBXBuildFile; fileRef = 249D9BAD21C4D95400FE31C1 /* PhotosTableViewCell.xib */; };
		249E615821BCD0B600A994FF /* StaticStrings.swift in Sources */ = {isa = PBXBuildFile; fileRef = 249E615721BCD0B600A994FF /* StaticStrings.swift */; };
		249E615A21BCD74C00A994FF /* StringFunctions.swift in Sources */ = {isa = PBXBuildFile; fileRef = 249E615921BCD74C00A994FF /* StringFunctions.swift */; };
		249E615D21BD75FA00A994FF /* Homescreen.storyboard in Resources */ = {isa = PBXBuildFile; fileRef = 249E615C21BD75FA00A994FF /* Homescreen.storyboard */; };
		249E616121BD76C300A994FF /* UserProfileViewController.swift in Sources */ = {isa = PBXBuildFile; fileRef = 249E616021BD76C300A994FF /* UserProfileViewController.swift */; };
		24AF4F7D21D29391001E3AC1 /* LoadingCell.swift in Sources */ = {isa = PBXBuildFile; fileRef = 24AF4F7B21D29391001E3AC1 /* LoadingCell.swift */; };
		24AF4F7E21D29391001E3AC1 /* LoadingCell.xib in Resources */ = {isa = PBXBuildFile; fileRef = 24AF4F7C21D29391001E3AC1 /* LoadingCell.xib */; };
		24B022A921CA039000E36143 /* AddReviewTableViewCell.swift in Sources */ = {isa = PBXBuildFile; fileRef = 24B022A721CA039000E36143 /* AddReviewTableViewCell.swift */; };
		24B022AA21CA039000E36143 /* AddReviewTableViewCell.xib in Resources */ = {isa = PBXBuildFile; fileRef = 24B022A821CA039000E36143 /* AddReviewTableViewCell.xib */; };
		24C7C2A021C1F11700262C58 /* UserInfo.swift in Sources */ = {isa = PBXBuildFile; fileRef = 24C7C29F21C1F11700262C58 /* UserInfo.swift */; };
		24C7C2A221C1F34400262C58 /* UserCustomTableViewCell.swift in Sources */ = {isa = PBXBuildFile; fileRef = 24C7C2A121C1F34400262C58 /* UserCustomTableViewCell.swift */; };
		24C7C2A721C1F46400262C58 /* AboutMeViewCell.xib in Resources */ = {isa = PBXBuildFile; fileRef = 24C7C2A621C1F46400262C58 /* AboutMeViewCell.xib */; };
		24C7C2AE21C1F80800262C58 /* AboutMeViewCell.swift in Sources */ = {isa = PBXBuildFile; fileRef = 24C7C2AC21C1F80800262C58 /* AboutMeViewCell.swift */; };
		24E34DF521B50F2100D33D2F /* SignupOneViewController.swift in Sources */ = {isa = PBXBuildFile; fileRef = 24E34DF421B50F2100D33D2F /* SignupOneViewController.swift */; };
		72C4A8AD279D5B686796D641 /* Pods_CoachMe.framework in Frameworks */ = {isa = PBXBuildFile; fileRef = 1A456F24069528B2E0D0BD7D /* Pods_CoachMe.framework */; };
/* End PBXBuildFile section */

/* Begin PBXFileReference section */
		1A456F24069528B2E0D0BD7D /* Pods_CoachMe.framework */ = {isa = PBXFileReference; explicitFileType = wrapper.framework; includeInIndex = 0; path = Pods_CoachMe.framework; sourceTree = BUILT_PRODUCTS_DIR; };
		2412E12321CAEDC800575EAC /* WriteReviewViewController.swift */ = {isa = PBXFileReference; lastKnownFileType = sourcecode.swift; path = WriteReviewViewController.swift; sourceTree = "<group>"; };
		2412E12421CAEDC800575EAC /* WriteReviewViewController.xib */ = {isa = PBXFileReference; lastKnownFileType = file.xib; path = WriteReviewViewController.xib; sourceTree = "<group>"; };
		24153DAC21C2064B003D81F4 /* UserIntroTableViewCell.swift */ = {isa = PBXFileReference; lastKnownFileType = sourcecode.swift; path = UserIntroTableViewCell.swift; sourceTree = "<group>"; };
		24153DAD21C2064B003D81F4 /* UserIntroTableViewCell.xib */ = {isa = PBXFileReference; lastKnownFileType = file.xib; path = UserIntroTableViewCell.xib; sourceTree = "<group>"; };
		241C426021C720AC00DAAB23 /* StringStructs.swift */ = {isa = PBXFileReference; lastKnownFileType = sourcecode.swift; path = StringStructs.swift; sourceTree = "<group>"; };
		241CF53421B5CD9700B9FA31 /* Colors.swift */ = {isa = PBXFileReference; lastKnownFileType = sourcecode.swift; path = Colors.swift; sourceTree = "<group>"; };
		243E21D521B8B5CD00A7820F /* SignupTwoViewController.swift */ = {isa = PBXFileReference; lastKnownFileType = sourcecode.swift; path = SignupTwoViewController.swift; sourceTree = "<group>"; };
		243E21D821B8D9EB00A7820F /* SignupThreeViewController.swift */ = {isa = PBXFileReference; lastKnownFileType = sourcecode.swift; path = SignupThreeViewController.swift; sourceTree = "<group>"; };
		243E993321D449C100DE48E5 /* SeeMoreTableViewCell.swift */ = {isa = PBXFileReference; lastKnownFileType = sourcecode.swift; path = SeeMoreTableViewCell.swift; sourceTree = "<group>"; };
		243E993421D449C100DE48E5 /* SeeMoreTableViewCell.xib */ = {isa = PBXFileReference; lastKnownFileType = file.xib; path = SeeMoreTableViewCell.xib; sourceTree = "<group>"; };
		243E993721D4664F00DE48E5 /* ServicesTableViewCell.swift */ = {isa = PBXFileReference; lastKnownFileType = sourcecode.swift; path = ServicesTableViewCell.swift; sourceTree = "<group>"; };
		243E993821D4664F00DE48E5 /* ServicesTableViewCell.xib */ = {isa = PBXFileReference; lastKnownFileType = file.xib; path = ServicesTableViewCell.xib; sourceTree = "<group>"; };
		243E993B21D48AC700DE48E5 /* PhotosCollectionViewController.swift */ = {isa = PBXFileReference; lastKnownFileType = sourcecode.swift; path = PhotosCollectionViewController.swift; sourceTree = "<group>"; };
		243E993D21D535B800DE48E5 /* PhotosCollectionViewCell.swift */ = {isa = PBXFileReference; lastKnownFileType = sourcecode.swift; path = PhotosCollectionViewCell.swift; sourceTree = "<group>"; };
		2440407D21C09E2C001DA314 /* Helpers.swift */ = {isa = PBXFileReference; lastKnownFileType = sourcecode.swift; path = Helpers.swift; sourceTree = "<group>"; };
		244910E021C84ABF000E2C06 /* Reviews.swift */ = {isa = PBXFileReference; lastKnownFileType = sourcecode.swift; path = Reviews.swift; sourceTree = "<group>"; };
		244910E221C84E27000E2C06 /* ReviewsData.swift */ = {isa = PBXFileReference; lastKnownFileType = sourcecode.swift; path = ReviewsData.swift; sourceTree = "<group>"; };
		244A9CE321D35E08003F2ACF /* SeeReviewsViewController.swift */ = {isa = PBXFileReference; lastKnownFileType = sourcecode.swift; path = SeeReviewsViewController.swift; sourceTree = "<group>"; };
		2468801821B5B57900E7392B /* Launch Screen.storyboard */ = {isa = PBXFileReference; lastKnownFileType = file.storyboard; path = "Launch Screen.storyboard"; sourceTree = "<group>"; };
		246EC93621C2CA7F0010742B /* ReviewsTableViewCell.swift */ = {isa = PBXFileReference; lastKnownFileType = sourcecode.swift; path = ReviewsTableViewCell.swift; sourceTree = "<group>"; };
		246EC93721C2CA7F0010742B /* ReviewsTableViewCell.xib */ = {isa = PBXFileReference; lastKnownFileType = file.xib; path = ReviewsTableViewCell.xib; sourceTree = "<group>"; };
		24776B6A21A28534002933DA /* CoachMe.app */ = {isa = PBXFileReference; explicitFileType = wrapper.application; includeInIndex = 0; path = CoachMe.app; sourceTree = BUILT_PRODUCTS_DIR; };
		24776B6D21A28534002933DA /* AppDelegate.swift */ = {isa = PBXFileReference; lastKnownFileType = sourcecode.swift; path = AppDelegate.swift; sourceTree = "<group>"; };
		24776B6F21A28535002933DA /* LoginViewController.swift */ = {isa = PBXFileReference; lastKnownFileType = sourcecode.swift; path = LoginViewController.swift; sourceTree = "<group>"; };
		24776B7221A28535002933DA /* Base */ = {isa = PBXFileReference; lastKnownFileType = file.storyboard; name = Base; path = Base.lproj/Main.storyboard; sourceTree = "<group>"; };
		24776B7421A28536002933DA /* Assets.xcassets */ = {isa = PBXFileReference; lastKnownFileType = folder.assetcatalog; path = Assets.xcassets; sourceTree = "<group>"; };
		24776B7921A28536002933DA /* Info.plist */ = {isa = PBXFileReference; lastKnownFileType = text.plist.xml; path = Info.plist; sourceTree = "<group>"; };
		24776B7F21A28865002933DA /* GoogleService-Info.plist */ = {isa = PBXFileReference; fileEncoding = 4; lastKnownFileType = text.plist.xml; path = "GoogleService-Info.plist"; sourceTree = "<group>"; };
		249D9BAC21C4D95400FE31C1 /* PhotosTableViewCell.swift */ = {isa = PBXFileReference; lastKnownFileType = sourcecode.swift; path = PhotosTableViewCell.swift; sourceTree = "<group>"; };
		249D9BAD21C4D95400FE31C1 /* PhotosTableViewCell.xib */ = {isa = PBXFileReference; lastKnownFileType = file.xib; path = PhotosTableViewCell.xib; sourceTree = "<group>"; };
		249E615721BCD0B600A994FF /* StaticStrings.swift */ = {isa = PBXFileReference; lastKnownFileType = sourcecode.swift; path = StaticStrings.swift; sourceTree = "<group>"; };
		249E615921BCD74C00A994FF /* StringFunctions.swift */ = {isa = PBXFileReference; lastKnownFileType = sourcecode.swift; path = StringFunctions.swift; sourceTree = "<group>"; };
		249E615C21BD75FA00A994FF /* Homescreen.storyboard */ = {isa = PBXFileReference; lastKnownFileType = file.storyboard; path = Homescreen.storyboard; sourceTree = "<group>"; };
		249E616021BD76C300A994FF /* UserProfileViewController.swift */ = {isa = PBXFileReference; lastKnownFileType = sourcecode.swift; path = UserProfileViewController.swift; sourceTree = "<group>"; };
		24AF4F7B21D29391001E3AC1 /* LoadingCell.swift */ = {isa = PBXFileReference; lastKnownFileType = sourcecode.swift; path = LoadingCell.swift; sourceTree = "<group>"; };
		24AF4F7C21D29391001E3AC1 /* LoadingCell.xib */ = {isa = PBXFileReference; lastKnownFileType = file.xib; path = LoadingCell.xib; sourceTree = "<group>"; };
		24B022A721CA039000E36143 /* AddReviewTableViewCell.swift */ = {isa = PBXFileReference; lastKnownFileType = sourcecode.swift; path = AddReviewTableViewCell.swift; sourceTree = "<group>"; };
		24B022A821CA039000E36143 /* AddReviewTableViewCell.xib */ = {isa = PBXFileReference; lastKnownFileType = file.xib; path = AddReviewTableViewCell.xib; sourceTree = "<group>"; };
		24C7C29F21C1F11700262C58 /* UserInfo.swift */ = {isa = PBXFileReference; lastKnownFileType = sourcecode.swift; path = UserInfo.swift; sourceTree = "<group>"; };
		24C7C2A121C1F34400262C58 /* UserCustomTableViewCell.swift */ = {isa = PBXFileReference; fileEncoding = 4; lastKnownFileType = sourcecode.swift; path = UserCustomTableViewCell.swift; sourceTree = "<group>"; };
		24C7C2A621C1F46400262C58 /* AboutMeViewCell.xib */ = {isa = PBXFileReference; lastKnownFileType = file.xib; path = AboutMeViewCell.xib; sourceTree = "<group>"; };
		24C7C2AC21C1F80800262C58 /* AboutMeViewCell.swift */ = {isa = PBXFileReference; lastKnownFileType = sourcecode.swift; path = AboutMeViewCell.swift; sourceTree = "<group>"; };
		24E34DF421B50F2100D33D2F /* SignupOneViewController.swift */ = {isa = PBXFileReference; lastKnownFileType = sourcecode.swift; path = SignupOneViewController.swift; sourceTree = "<group>"; };
		615194CA022C6773D5A0C180 /* Pods-CoachMe.debug.xcconfig */ = {isa = PBXFileReference; includeInIndex = 1; lastKnownFileType = text.xcconfig; name = "Pods-CoachMe.debug.xcconfig"; path = "Target Support Files/Pods-CoachMe/Pods-CoachMe.debug.xcconfig"; sourceTree = "<group>"; };
		C764E57803784BF5EFF537A5 /* Pods-CoachMe.release.xcconfig */ = {isa = PBXFileReference; includeInIndex = 1; lastKnownFileType = text.xcconfig; name = "Pods-CoachMe.release.xcconfig"; path = "Target Support Files/Pods-CoachMe/Pods-CoachMe.release.xcconfig"; sourceTree = "<group>"; };
/* End PBXFileReference section */

/* Begin PBXFrameworksBuildPhase section */
		24776B6721A28534002933DA /* Frameworks */ = {
			isa = PBXFrameworksBuildPhase;
			buildActionMask = 2147483647;
			files = (
				72C4A8AD279D5B686796D641 /* Pods_CoachMe.framework in Frameworks */,
			);
			runOnlyForDeploymentPostprocessing = 0;
		};
/* End PBXFrameworksBuildPhase section */

/* Begin PBXGroup section */
		093449B2AC3B98E2BB973DC6 /* Frameworks */ = {
			isa = PBXGroup;
			children = (
				1A456F24069528B2E0D0BD7D /* Pods_CoachMe.framework */,
			);
			name = Frameworks;
			sourceTree = "<group>";
		};
		241CF53321B5CD7400B9FA31 /* CoachMe Graphics */ = {
			isa = PBXGroup;
			children = (
				241CF53421B5CD9700B9FA31 /* Colors.swift */,
			);
			path = "CoachMe Graphics";
			sourceTree = "<group>";
		};
		243E21D721B8B5DA00A7820F /* Signup */ = {
			isa = PBXGroup;
			children = (
				24E34DF421B50F2100D33D2F /* SignupOneViewController.swift */,
				243E21D521B8B5CD00A7820F /* SignupTwoViewController.swift */,
				243E21D821B8D9EB00A7820F /* SignupThreeViewController.swift */,
			);
			path = Signup;
			sourceTree = "<group>";
		};
		2440407C21C09E11001DA314 /* Helpers */ = {
			isa = PBXGroup;
			children = (
				2440407D21C09E2C001DA314 /* Helpers.swift */,
				249E615621BCD06D00A994FF /* CoachMe Data */,
				241CF53321B5CD7400B9FA31 /* CoachMe Graphics */,
			);
			path = Helpers;
			sourceTree = "<group>";
		};
		244910DA21C81A83000E2C06 /* ReviewsView */ = {
			isa = PBXGroup;
			children = (
				246EC93621C2CA7F0010742B /* ReviewsTableViewCell.swift */,
				246EC93721C2CA7F0010742B /* ReviewsTableViewCell.xib */,
				24B022A721CA039000E36143 /* AddReviewTableViewCell.swift */,
				24B022A821CA039000E36143 /* AddReviewTableViewCell.xib */,
				2412E12321CAEDC800575EAC /* WriteReviewViewController.swift */,
				2412E12421CAEDC800575EAC /* WriteReviewViewController.xib */,
				244A9CE321D35E08003F2ACF /* SeeReviewsViewController.swift */,
				243E993321D449C100DE48E5 /* SeeMoreTableViewCell.swift */,
				243E993421D449C100DE48E5 /* SeeMoreTableViewCell.xib */,
			);
			path = ReviewsView;
			sourceTree = "<group>";
		};
		244910DB21C81AC1000E2C06 /* PhotosView */ = {
			isa = PBXGroup;
			children = (
				243E993B21D48AC700DE48E5 /* PhotosCollectionViewController.swift */,
				243E993D21D535B800DE48E5 /* PhotosCollectionViewCell.swift */,
			);
			path = PhotosView;
			sourceTree = "<group>";
		};
		244910DC21C81ADF000E2C06 /* ServicesView */ = {
			isa = PBXGroup;
			children = (
				243E993721D4664F00DE48E5 /* ServicesTableViewCell.swift */,
				243E993821D4664F00DE48E5 /* ServicesTableViewCell.xib */,
			);
			path = ServicesView;
			sourceTree = "<group>";
		};
		244910DD21C81B39000E2C06 /* ProfileView */ = {
			isa = PBXGroup;
			children = (
				24153DAC21C2064B003D81F4 /* UserIntroTableViewCell.swift */,
				24153DAD21C2064B003D81F4 /* UserIntroTableViewCell.xib */,
				249D9BAC21C4D95400FE31C1 /* PhotosTableViewCell.swift */,
				249D9BAD21C4D95400FE31C1 /* PhotosTableViewCell.xib */,
				24C7C2AC21C1F80800262C58 /* AboutMeViewCell.swift */,
				24C7C2A621C1F46400262C58 /* AboutMeViewCell.xib */,
				24C7C2A121C1F34400262C58 /* UserCustomTableViewCell.swift */,
			);
			path = ProfileView;
			sourceTree = "<group>";
		};
		24776B6121A28534002933DA = {
			isa = PBXGroup;
			children = (
				24776B6C21A28534002933DA /* CoachMe */,
				24776B6B21A28534002933DA /* Products */,
				58224D96C70E1B53EAC4AB23 /* Pods */,
				093449B2AC3B98E2BB973DC6 /* Frameworks */,
			);
			sourceTree = "<group>";
		};
		24776B6B21A28534002933DA /* Products */ = {
			isa = PBXGroup;
			children = (
				24776B6A21A28534002933DA /* CoachMe.app */,
			);
			name = Products;
			sourceTree = "<group>";
		};
		24776B6C21A28534002933DA /* CoachMe */ = {
			isa = PBXGroup;
			children = (
				24776B6D21A28534002933DA /* AppDelegate.swift */,
				2440407C21C09E11001DA314 /* Helpers */,
				24C7C29E21C1F0D100262C58 /* Models */,
				249E615F21BD76A500A994FF /* ViewControllers */,
				249E615B21BD75DD00A994FF /* Storyboards */,
				24776B7421A28536002933DA /* Assets.xcassets */,
				24776B7F21A28865002933DA /* GoogleService-Info.plist */,
				24776B7921A28536002933DA /* Info.plist */,
			);
			path = CoachMe;
			sourceTree = "<group>";
		};
		249E615621BCD06D00A994FF /* CoachMe Data */ = {
			isa = PBXGroup;
			children = (
				249E615721BCD0B600A994FF /* StaticStrings.swift */,
				249E615921BCD74C00A994FF /* StringFunctions.swift */,
				241C426021C720AC00DAAB23 /* StringStructs.swift */,
				244910E221C84E27000E2C06 /* ReviewsData.swift */,
			);
			path = "CoachMe Data";
			sourceTree = "<group>";
		};
		249E615B21BD75DD00A994FF /* Storyboards */ = {
			isa = PBXGroup;
			children = (
				2468801821B5B57900E7392B /* Launch Screen.storyboard */,
				24776B7121A28535002933DA /* Main.storyboard */,
				249E615C21BD75FA00A994FF /* Homescreen.storyboard */,
			);
			path = Storyboards;
			sourceTree = "<group>";
		};
		249E615E21BD767300A994FF /* Authentication */ = {
			isa = PBXGroup;
			children = (
				249E616221BD76E100A994FF /* Login */,
				243E21D721B8B5DA00A7820F /* Signup */,
			);
			path = Authentication;
			sourceTree = "<group>";
		};
		249E615F21BD76A500A994FF /* ViewControllers */ = {
			isa = PBXGroup;
			children = (
				24AF4F7A21D29367001E3AC1 /* UIActivityIndicators */,
				249E615E21BD767300A994FF /* Authentication */,
				249E616321BD76F800A994FF /* Profile */,
			);
			path = ViewControllers;
			sourceTree = "<group>";
		};
		249E616221BD76E100A994FF /* Login */ = {
			isa = PBXGroup;
			children = (
				24776B6F21A28535002933DA /* LoginViewController.swift */,
			);
			path = Login;
			sourceTree = "<group>";
		};
		249E616321BD76F800A994FF /* Profile */ = {
			isa = PBXGroup;
			children = (
				249E616021BD76C300A994FF /* UserProfileViewController.swift */,
				24C7C2A321C1F38100262C58 /* UserProfileViews */,
			);
			path = Profile;
			sourceTree = "<group>";
		};
		24AF4F7A21D29367001E3AC1 /* UIActivityIndicators */ = {
			isa = PBXGroup;
			children = (
				24AF4F7B21D29391001E3AC1 /* LoadingCell.swift */,
				24AF4F7C21D29391001E3AC1 /* LoadingCell.xib */,
			);
			path = UIActivityIndicators;
			sourceTree = "<group>";
		};
		24C7C29E21C1F0D100262C58 /* Models */ = {
			isa = PBXGroup;
			children = (
				24C7C29F21C1F11700262C58 /* UserInfo.swift */,
				244910E021C84ABF000E2C06 /* Reviews.swift */,
			);
			path = Models;
			sourceTree = "<group>";
		};
		24C7C2A321C1F38100262C58 /* UserProfileViews */ = {
			isa = PBXGroup;
			children = (
				244910DD21C81B39000E2C06 /* ProfileView */,
				244910DB21C81AC1000E2C06 /* PhotosView */,
				244910DC21C81ADF000E2C06 /* ServicesView */,
				244910DA21C81A83000E2C06 /* ReviewsView */,
			);
			path = UserProfileViews;
			sourceTree = "<group>";
		};
		58224D96C70E1B53EAC4AB23 /* Pods */ = {
			isa = PBXGroup;
			children = (
				615194CA022C6773D5A0C180 /* Pods-CoachMe.debug.xcconfig */,
				C764E57803784BF5EFF537A5 /* Pods-CoachMe.release.xcconfig */,
			);
			path = Pods;
			sourceTree = "<group>";
		};
/* End PBXGroup section */

/* Begin PBXNativeTarget section */
		24776B6921A28534002933DA /* CoachMe */ = {
			isa = PBXNativeTarget;
			buildConfigurationList = 24776B7C21A28536002933DA /* Build configuration list for PBXNativeTarget "CoachMe" */;
			buildPhases = (
				C96605F4BC75B45632785920 /* [CP] Check Pods Manifest.lock */,
				24776B6621A28534002933DA /* Sources */,
				24776B6721A28534002933DA /* Frameworks */,
				24776B6821A28534002933DA /* Resources */,
				4AB83F3FDAD6898745DCB3B8 /* [CP] Embed Pods Frameworks */,
			);
			buildRules = (
			);
			dependencies = (
			);
			name = CoachMe;
			productName = CoachMe;
			productReference = 24776B6A21A28534002933DA /* CoachMe.app */;
			productType = "com.apple.product-type.application";
		};
/* End PBXNativeTarget section */

/* Begin PBXProject section */
		24776B6221A28534002933DA /* Project object */ = {
			isa = PBXProject;
			attributes = {
				LastSwiftUpdateCheck = 1010;
				LastUpgradeCheck = 1010;
				ORGANIZATIONNAME = "ashley canty";
				TargetAttributes = {
					24776B6921A28534002933DA = {
						CreatedOnToolsVersion = 10.1;
					};
				};
			};
			buildConfigurationList = 24776B6521A28534002933DA /* Build configuration list for PBXProject "CoachMe" */;
			compatibilityVersion = "Xcode 9.3";
			developmentRegion = en;
			hasScannedForEncodings = 0;
			knownRegions = (
				en,
				Base,
			);
			mainGroup = 24776B6121A28534002933DA;
			productRefGroup = 24776B6B21A28534002933DA /* Products */;
			projectDirPath = "";
			projectRoot = "";
			targets = (
				24776B6921A28534002933DA /* CoachMe */,
			);
		};
/* End PBXProject section */

/* Begin PBXResourcesBuildPhase section */
		24776B6821A28534002933DA /* Resources */ = {
			isa = PBXResourcesBuildPhase;
			buildActionMask = 2147483647;
			files = (
				24B022AA21CA039000E36143 /* AddReviewTableViewCell.xib in Resources */,
				243E993A21D4664F00DE48E5 /* ServicesTableViewCell.xib in Resources */,
				24776B8021A28865002933DA /* GoogleService-Info.plist in Resources */,
				24AF4F7E21D29391001E3AC1 /* LoadingCell.xib in Resources */,
				24153DAF21C2064B003D81F4 /* UserIntroTableViewCell.xib in Resources */,
				246EC93921C2CA7F0010742B /* ReviewsTableViewCell.xib in Resources */,
				24C7C2A721C1F46400262C58 /* AboutMeViewCell.xib in Resources */,
				249D9BAF21C4D95400FE31C1 /* PhotosTableViewCell.xib in Resources */,
				243E993621D449C100DE48E5 /* SeeMoreTableViewCell.xib in Resources */,
				249E615D21BD75FA00A994FF /* Homescreen.storyboard in Resources */,
				24776B7521A28536002933DA /* Assets.xcassets in Resources */,
				2468801921B5B57900E7392B /* Launch Screen.storyboard in Resources */,
				2412E12621CAEDC800575EAC /* WriteReviewViewController.xib in Resources */,
				24776B7321A28535002933DA /* Main.storyboard in Resources */,
			);
			runOnlyForDeploymentPostprocessing = 0;
		};
/* End PBXResourcesBuildPhase section */

/* Begin PBXShellScriptBuildPhase section */
		4AB83F3FDAD6898745DCB3B8 /* [CP] Embed Pods Frameworks */ = {
			isa = PBXShellScriptBuildPhase;
			buildActionMask = 2147483647;
			files = (
			);
			inputFileListPaths = (
			);
			inputPaths = (
				"${PODS_ROOT}/Target Support Files/Pods-CoachMe/Pods-CoachMe-frameworks.sh",
				"${BUILT_PRODUCTS_DIR}/Cosmos/Cosmos.framework",
				"${BUILT_PRODUCTS_DIR}/GTMSessionFetcher/GTMSessionFetcher.framework",
				"${BUILT_PRODUCTS_DIR}/GoogleUtilities/GoogleUtilities.framework",
				"${BUILT_PRODUCTS_DIR}/TinyConstraints/TinyConstraints.framework",
				"${BUILT_PRODUCTS_DIR}/leveldb-library/leveldb.framework",
				"${BUILT_PRODUCTS_DIR}/nanopb/nanopb.framework",
			);
			name = "[CP] Embed Pods Frameworks";
			outputFileListPaths = (
			);
			outputPaths = (
				"${TARGET_BUILD_DIR}/${FRAMEWORKS_FOLDER_PATH}/Cosmos.framework",
				"${TARGET_BUILD_DIR}/${FRAMEWORKS_FOLDER_PATH}/GTMSessionFetcher.framework",
				"${TARGET_BUILD_DIR}/${FRAMEWORKS_FOLDER_PATH}/GoogleUtilities.framework",
				"${TARGET_BUILD_DIR}/${FRAMEWORKS_FOLDER_PATH}/TinyConstraints.framework",
				"${TARGET_BUILD_DIR}/${FRAMEWORKS_FOLDER_PATH}/leveldb.framework",
				"${TARGET_BUILD_DIR}/${FRAMEWORKS_FOLDER_PATH}/nanopb.framework",
			);
			runOnlyForDeploymentPostprocessing = 0;
			shellPath = /bin/sh;
			shellScript = "\"${PODS_ROOT}/Target Support Files/Pods-CoachMe/Pods-CoachMe-frameworks.sh\"\n";
			showEnvVarsInLog = 0;
		};
		C96605F4BC75B45632785920 /* [CP] Check Pods Manifest.lock */ = {
			isa = PBXShellScriptBuildPhase;
			buildActionMask = 2147483647;
			files = (
			);
			inputFileListPaths = (
			);
			inputPaths = (
				"${PODS_PODFILE_DIR_PATH}/Podfile.lock",
				"${PODS_ROOT}/Manifest.lock",
			);
			name = "[CP] Check Pods Manifest.lock";
			outputFileListPaths = (
			);
			outputPaths = (
				"$(DERIVED_FILE_DIR)/Pods-CoachMe-checkManifestLockResult.txt",
			);
			runOnlyForDeploymentPostprocessing = 0;
			shellPath = /bin/sh;
			shellScript = "diff \"${PODS_PODFILE_DIR_PATH}/Podfile.lock\" \"${PODS_ROOT}/Manifest.lock\" > /dev/null\nif [ $? != 0 ] ; then\n    # print error to STDERR\n    echo \"error: The sandbox is not in sync with the Podfile.lock. Run 'pod install' or update your CocoaPods installation.\" >&2\n    exit 1\nfi\n# This output is used by Xcode 'outputs' to avoid re-running this script phase.\necho \"SUCCESS\" > \"${SCRIPT_OUTPUT_FILE_0}\"\n";
			showEnvVarsInLog = 0;
		};
/* End PBXShellScriptBuildPhase section */

/* Begin PBXSourcesBuildPhase section */
		24776B6621A28534002933DA /* Sources */ = {
			isa = PBXSourcesBuildPhase;
			buildActionMask = 2147483647;
			files = (
				244910E121C84ABF000E2C06 /* Reviews.swift in Sources */,
				246EC93821C2CA7F0010742B /* ReviewsTableViewCell.swift in Sources */,
				243E993E21D535B800DE48E5 /* PhotosCollectionViewCell.swift in Sources */,
				24AF4F7D21D29391001E3AC1 /* LoadingCell.swift in Sources */,
				249E615A21BCD74C00A994FF /* StringFunctions.swift in Sources */,
				24153DAE21C2064B003D81F4 /* UserIntroTableViewCell.swift in Sources */,
				24C7C2A221C1F34400262C58 /* UserCustomTableViewCell.swift in Sources */,
				249D9BAE21C4D95400FE31C1 /* PhotosTableViewCell.swift in Sources */,
				249E616121BD76C300A994FF /* UserProfileViewController.swift in Sources */,
				243E993521D449C100DE48E5 /* SeeMoreTableViewCell.swift in Sources */,
				24776B7021A28535002933DA /* LoginViewController.swift in Sources */,
				243E993921D4664F00DE48E5 /* ServicesTableViewCell.swift in Sources */,
				2440407E21C09E2C001DA314 /* Helpers.swift in Sources */,
				24B022A921CA039000E36143 /* AddReviewTableViewCell.swift in Sources */,
				243E993C21D48AC700DE48E5 /* PhotosCollectionViewController.swift in Sources */,
				24C7C2A021C1F11700262C58 /* UserInfo.swift in Sources */,
				241CF53521B5CD9700B9FA31 /* Colors.swift in Sources */,
				241C426121C720AC00DAAB23 /* StringStructs.swift in Sources */,
				2412E12521CAEDC800575EAC /* WriteReviewViewController.swift in Sources */,
				249E615821BCD0B600A994FF /* StaticStrings.swift in Sources */,
				24776B6E21A28534002933DA /* AppDelegate.swift in Sources */,
				244910E321C84E27000E2C06 /* ReviewsData.swift in Sources */,
				24C7C2AE21C1F80800262C58 /* AboutMeViewCell.swift in Sources */,
				243E21D921B8D9EB00A7820F /* SignupThreeViewController.swift in Sources */,
				244A9CE521D35E08003F2ACF /* SeeReviewsViewController.swift in Sources */,
				24E34DF521B50F2100D33D2F /* SignupOneViewController.swift in Sources */,
				243E21D621B8B5CD00A7820F /* SignupTwoViewController.swift in Sources */,
			);
			runOnlyForDeploymentPostprocessing = 0;
		};
/* End PBXSourcesBuildPhase section */

/* Begin PBXVariantGroup section */
		24776B7121A28535002933DA /* Main.storyboard */ = {
			isa = PBXVariantGroup;
			children = (
				24776B7221A28535002933DA /* Base */,
			);
			name = Main.storyboard;
			sourceTree = "<group>";
		};
/* End PBXVariantGroup section */

/* Begin XCBuildConfiguration section */
		24776B7A21A28536002933DA /* Debug */ = {
			isa = XCBuildConfiguration;
			buildSettings = {
				ALWAYS_SEARCH_USER_PATHS = NO;
				CLANG_ANALYZER_NONNULL = YES;
				CLANG_ANALYZER_NUMBER_OBJECT_CONVERSION = YES_AGGRESSIVE;
				CLANG_CXX_LANGUAGE_STANDARD = "gnu++14";
				CLANG_CXX_LIBRARY = "libc++";
				CLANG_ENABLE_MODULES = YES;
				CLANG_ENABLE_OBJC_ARC = YES;
				CLANG_ENABLE_OBJC_WEAK = YES;
				CLANG_WARN_BLOCK_CAPTURE_AUTORELEASING = YES;
				CLANG_WARN_BOOL_CONVERSION = YES;
				CLANG_WARN_COMMA = YES;
				CLANG_WARN_CONSTANT_CONVERSION = YES;
				CLANG_WARN_DEPRECATED_OBJC_IMPLEMENTATIONS = YES;
				CLANG_WARN_DIRECT_OBJC_ISA_USAGE = YES_ERROR;
				CLANG_WARN_DOCUMENTATION_COMMENTS = YES;
				CLANG_WARN_EMPTY_BODY = YES;
				CLANG_WARN_ENUM_CONVERSION = YES;
				CLANG_WARN_INFINITE_RECURSION = YES;
				CLANG_WARN_INT_CONVERSION = YES;
				CLANG_WARN_NON_LITERAL_NULL_CONVERSION = YES;
				CLANG_WARN_OBJC_IMPLICIT_RETAIN_SELF = YES;
				CLANG_WARN_OBJC_LITERAL_CONVERSION = YES;
				CLANG_WARN_OBJC_ROOT_CLASS = YES_ERROR;
				CLANG_WARN_RANGE_LOOP_ANALYSIS = YES;
				CLANG_WARN_STRICT_PROTOTYPES = YES;
				CLANG_WARN_SUSPICIOUS_MOVE = YES;
				CLANG_WARN_UNGUARDED_AVAILABILITY = YES_AGGRESSIVE;
				CLANG_WARN_UNREACHABLE_CODE = YES;
				CLANG_WARN__DUPLICATE_METHOD_MATCH = YES;
				CODE_SIGN_IDENTITY = "iPhone Developer";
				COPY_PHASE_STRIP = NO;
				DEBUG_INFORMATION_FORMAT = dwarf;
				ENABLE_STRICT_OBJC_MSGSEND = YES;
				ENABLE_TESTABILITY = YES;
				GCC_C_LANGUAGE_STANDARD = gnu11;
				GCC_DYNAMIC_NO_PIC = NO;
				GCC_NO_COMMON_BLOCKS = YES;
				GCC_OPTIMIZATION_LEVEL = 0;
				GCC_PREPROCESSOR_DEFINITIONS = (
					"DEBUG=1",
					"$(inherited)",
				);
				GCC_WARN_64_TO_32_BIT_CONVERSION = YES;
				GCC_WARN_ABOUT_RETURN_TYPE = YES_ERROR;
				GCC_WARN_UNDECLARED_SELECTOR = YES;
				GCC_WARN_UNINITIALIZED_AUTOS = YES_AGGRESSIVE;
				GCC_WARN_UNUSED_FUNCTION = YES;
				GCC_WARN_UNUSED_VARIABLE = YES;
				IPHONEOS_DEPLOYMENT_TARGET = 9.0;
				MTL_ENABLE_DEBUG_INFO = INCLUDE_SOURCE;
				MTL_FAST_MATH = YES;
				ONLY_ACTIVE_ARCH = YES;
				SDKROOT = iphoneos;
				SWIFT_ACTIVE_COMPILATION_CONDITIONS = DEBUG;
				SWIFT_OPTIMIZATION_LEVEL = "-Onone";
			};
			name = Debug;
		};
		24776B7B21A28536002933DA /* Release */ = {
			isa = XCBuildConfiguration;
			buildSettings = {
				ALWAYS_SEARCH_USER_PATHS = NO;
				CLANG_ANALYZER_NONNULL = YES;
				CLANG_ANALYZER_NUMBER_OBJECT_CONVERSION = YES_AGGRESSIVE;
				CLANG_CXX_LANGUAGE_STANDARD = "gnu++14";
				CLANG_CXX_LIBRARY = "libc++";
				CLANG_ENABLE_MODULES = YES;
				CLANG_ENABLE_OBJC_ARC = YES;
				CLANG_ENABLE_OBJC_WEAK = YES;
				CLANG_WARN_BLOCK_CAPTURE_AUTORELEASING = YES;
				CLANG_WARN_BOOL_CONVERSION = YES;
				CLANG_WARN_COMMA = YES;
				CLANG_WARN_CONSTANT_CONVERSION = YES;
				CLANG_WARN_DEPRECATED_OBJC_IMPLEMENTATIONS = YES;
				CLANG_WARN_DIRECT_OBJC_ISA_USAGE = YES_ERROR;
				CLANG_WARN_DOCUMENTATION_COMMENTS = YES;
				CLANG_WARN_EMPTY_BODY = YES;
				CLANG_WARN_ENUM_CONVERSION = YES;
				CLANG_WARN_INFINITE_RECURSION = YES;
				CLANG_WARN_INT_CONVERSION = YES;
				CLANG_WARN_NON_LITERAL_NULL_CONVERSION = YES;
				CLANG_WARN_OBJC_IMPLICIT_RETAIN_SELF = YES;
				CLANG_WARN_OBJC_LITERAL_CONVERSION = YES;
				CLANG_WARN_OBJC_ROOT_CLASS = YES_ERROR;
				CLANG_WARN_RANGE_LOOP_ANALYSIS = YES;
				CLANG_WARN_STRICT_PROTOTYPES = YES;
				CLANG_WARN_SUSPICIOUS_MOVE = YES;
				CLANG_WARN_UNGUARDED_AVAILABILITY = YES_AGGRESSIVE;
				CLANG_WARN_UNREACHABLE_CODE = YES;
				CLANG_WARN__DUPLICATE_METHOD_MATCH = YES;
				CODE_SIGN_IDENTITY = "iPhone Developer";
				COPY_PHASE_STRIP = NO;
				DEBUG_INFORMATION_FORMAT = "dwarf-with-dsym";
				ENABLE_NS_ASSERTIONS = NO;
				ENABLE_STRICT_OBJC_MSGSEND = YES;
				GCC_C_LANGUAGE_STANDARD = gnu11;
				GCC_NO_COMMON_BLOCKS = YES;
				GCC_WARN_64_TO_32_BIT_CONVERSION = YES;
				GCC_WARN_ABOUT_RETURN_TYPE = YES_ERROR;
				GCC_WARN_UNDECLARED_SELECTOR = YES;
				GCC_WARN_UNINITIALIZED_AUTOS = YES_AGGRESSIVE;
				GCC_WARN_UNUSED_FUNCTION = YES;
				GCC_WARN_UNUSED_VARIABLE = YES;
				IPHONEOS_DEPLOYMENT_TARGET = 9.0;
				MTL_ENABLE_DEBUG_INFO = NO;
				MTL_FAST_MATH = YES;
				SDKROOT = iphoneos;
				SWIFT_COMPILATION_MODE = wholemodule;
				SWIFT_OPTIMIZATION_LEVEL = "-O";
				VALIDATE_PRODUCT = YES;
			};
			name = Release;
		};
		24776B7D21A28536002933DA /* Debug */ = {
			isa = XCBuildConfiguration;
			baseConfigurationReference = 615194CA022C6773D5A0C180 /* Pods-CoachMe.debug.xcconfig */;
			buildSettings = {
				ASSETCATALOG_COMPILER_APPICON_NAME = AppIcon;
				CODE_SIGN_STYLE = Automatic;
				DEVELOPMENT_TEAM = 3MC43UXZVL;
				INFOPLIST_FILE = CoachMe/Info.plist;
				IPHONEOS_DEPLOYMENT_TARGET = 11.0;
				LD_RUNPATH_SEARCH_PATHS = (
					"$(inherited)",
					"@executable_path/Frameworks",
				);
				PRODUCT_BUNDLE_IDENTIFIER = ashleycanty.CoachMe;
				PRODUCT_NAME = "$(TARGET_NAME)";
				SWIFT_VERSION = 4.2;
				TARGETED_DEVICE_FAMILY = "1,2";
			};
			name = Debug;
		};
		24776B7E21A28536002933DA /* Release */ = {
			isa = XCBuildConfiguration;
			baseConfigurationReference = C764E57803784BF5EFF537A5 /* Pods-CoachMe.release.xcconfig */;
			buildSettings = {
				ASSETCATALOG_COMPILER_APPICON_NAME = AppIcon;
				CODE_SIGN_STYLE = Automatic;
				DEVELOPMENT_TEAM = 3MC43UXZVL;
				INFOPLIST_FILE = CoachMe/Info.plist;
				IPHONEOS_DEPLOYMENT_TARGET = 11.0;
				LD_RUNPATH_SEARCH_PATHS = (
					"$(inherited)",
					"@executable_path/Frameworks",
				);
				PRODUCT_BUNDLE_IDENTIFIER = ashleycanty.CoachMe;
				PRODUCT_NAME = "$(TARGET_NAME)";
				SWIFT_VERSION = 4.2;
				TARGETED_DEVICE_FAMILY = "1,2";
			};
			name = Release;
		};
/* End XCBuildConfiguration section */

/* Begin XCConfigurationList section */
		24776B6521A28534002933DA /* Build configuration list for PBXProject "CoachMe" */ = {
			isa = XCConfigurationList;
			buildConfigurations = (
				24776B7A21A28536002933DA /* Debug */,
				24776B7B21A28536002933DA /* Release */,
			);
			defaultConfigurationIsVisible = 0;
			defaultConfigurationName = Release;
		};
		24776B7C21A28536002933DA /* Build configuration list for PBXNativeTarget "CoachMe" */ = {
			isa = XCConfigurationList;
			buildConfigurations = (
				24776B7D21A28536002933DA /* Debug */,
				24776B7E21A28536002933DA /* Release */,
			);
			defaultConfigurationIsVisible = 0;
			defaultConfigurationName = Release;
		};
/* End XCConfigurationList section */
	};
	rootObject = 24776B6221A28534002933DA /* Project object */;
}
